
Microsoft Visual Studio Solution File, Format Version 12.00
# Visual Studio Version 17
VisualStudioVersion = 17.3.32804.467
MinimumVisualStudioVersion = 10.0.40219.1
Project("{FAE04EC0-301F-11D3-BF4B-00C04F79EFBC}") = "AdventureGameAPI", "AdventureGameAPI\AdventureGameAPI.csproj", "{4A0D3E15-9EDF-4905-95F3-7E0DFDFF93D6}"
EndProject
Global
	GlobalSection(SolutionConfigurationPlatforms) = preSolution
		Debug|Any CPU = Debug|Any CPU
		Release|Any CPU = Release|Any CPU
	EndGlobalSection
	GlobalSection(ProjectConfigurationPlatforms) = postSolution
		{4A0D3E15-9EDF-4905-95F3-7E0DFDFF93D6}.Debug|Any CPU.ActiveCfg = Debug|Any CPU
		{4A0D3E15-9EDF-4905-95F3-7E0DFDFF93D6}.Debug|Any CPU.Build.0 = Debug|Any CPU
		{4A0D3E15-9EDF-4905-95F3-7E0DFDFF93D6}.Release|Any CPU.ActiveCfg = Release|Any CPU
		{4A0D3E15-9EDF-4905-95F3-7E0DFDFF93D6}.Release|Any CPU.Build.0 = Release|Any CPU
	EndGlobalSection
	GlobalSection(SolutionProperties) = preSolution
		HideSolutionNode = FALSE
	EndGlobalSection
	GlobalSection(ExtensibilityGlobals) = postSolution
		SolutionGuid = {CFEC9F08-AD34-4E02-9AA6-E567760ECAD6}
	EndGlobalSection
EndGlobal
